
Microsoft Visual Studio Solution File, Format Version 12.00
# Visual Studio Version 17
VisualStudioVersion = 17.0.31903.59
MinimumVisualStudioVersion = 10.0.40219.1
Project("{FAE04EC0-301F-11D3-BF4B-00C04F79EFBC}") = "RightSize", "RightSize\RightSize.csproj", "{93CA456A-7C79-4CDD-8103-5E9010018DF4}"
EndProject
Project("{FAE04EC0-301F-11D3-BF4B-00C04F79EFBC}") = "ChangeString", "ChangeString\ChangeString.csproj", "{17690310-DDAC-49BB-9E04-FEF6F751E4C4}"
EndProject
Project("{FAE04EC0-301F-11D3-BF4B-00C04F79EFBC}") = "ArrayMult", "ArrayMult\ArrayMult.csproj", "{49CC2AEA-5613-4939-AC88-A60D81158645}"
EndProject
Project("{FAE04EC0-301F-11D3-BF4B-00C04F79EFBC}") = "HeroPerks", "HeroPerks\HeroPerks.csproj", "{BFC3A751-A534-4E23-9E04-DEFE0EB90BA5}"
EndProject
Project("{FAE04EC0-301F-11D3-BF4B-00C04F79EFBC}") = "PowTwoUntil", "PowTwoUntil\PowTwoUntil.csproj", "{7530CAB9-BD7C-484B-BDD2-A6C028B960CC}"
EndProject
Project("{FAE04EC0-301F-11D3-BF4B-00C04F79EFBC}") = "FamousQuotes", "FamousQuotes\FamousQuotes.csproj", "{8BA964CE-DE54-452C-A0A2-9CD74CDF3932}"
EndProject
Project("{FAE04EC0-301F-11D3-BF4B-00C04F79EFBC}") = "RPS", "RPS\RPS.csproj", "{5AB4A361-318D-4BAD-B52A-0C43A8DE6C90}"
EndProject
Global
	GlobalSection(SolutionConfigurationPlatforms) = preSolution
		Debug|Any CPU = Debug|Any CPU
		Release|Any CPU = Release|Any CPU
	EndGlobalSection
	GlobalSection(SolutionProperties) = preSolution
		HideSolutionNode = FALSE
	EndGlobalSection
	GlobalSection(ProjectConfigurationPlatforms) = postSolution
		{93CA456A-7C79-4CDD-8103-5E9010018DF4}.Debug|Any CPU.ActiveCfg = Debug|Any CPU
		{93CA456A-7C79-4CDD-8103-5E9010018DF4}.Debug|Any CPU.Build.0 = Debug|Any CPU
		{93CA456A-7C79-4CDD-8103-5E9010018DF4}.Release|Any CPU.ActiveCfg = Release|Any CPU
		{93CA456A-7C79-4CDD-8103-5E9010018DF4}.Release|Any CPU.Build.0 = Release|Any CPU
		{17690310-DDAC-49BB-9E04-FEF6F751E4C4}.Debug|Any CPU.ActiveCfg = Debug|Any CPU
		{17690310-DDAC-49BB-9E04-FEF6F751E4C4}.Debug|Any CPU.Build.0 = Debug|Any CPU
		{17690310-DDAC-49BB-9E04-FEF6F751E4C4}.Release|Any CPU.ActiveCfg = Release|Any CPU
		{17690310-DDAC-49BB-9E04-FEF6F751E4C4}.Release|Any CPU.Build.0 = Release|Any CPU
		{49CC2AEA-5613-4939-AC88-A60D81158645}.Debug|Any CPU.ActiveCfg = Debug|Any CPU
		{49CC2AEA-5613-4939-AC88-A60D81158645}.Debug|Any CPU.Build.0 = Debug|Any CPU
		{49CC2AEA-5613-4939-AC88-A60D81158645}.Release|Any CPU.ActiveCfg = Release|Any CPU
		{49CC2AEA-5613-4939-AC88-A60D81158645}.Release|Any CPU.Build.0 = Release|Any CPU
		{BFC3A751-A534-4E23-9E04-DEFE0EB90BA5}.Debug|Any CPU.ActiveCfg = Debug|Any CPU
		{BFC3A751-A534-4E23-9E04-DEFE0EB90BA5}.Debug|Any CPU.Build.0 = Debug|Any CPU
		{BFC3A751-A534-4E23-9E04-DEFE0EB90BA5}.Release|Any CPU.ActiveCfg = Release|Any CPU
		{BFC3A751-A534-4E23-9E04-DEFE0EB90BA5}.Release|Any CPU.Build.0 = Release|Any CPU
		{7530CAB9-BD7C-484B-BDD2-A6C028B960CC}.Debug|Any CPU.ActiveCfg = Debug|Any CPU
		{7530CAB9-BD7C-484B-BDD2-A6C028B960CC}.Debug|Any CPU.Build.0 = Debug|Any CPU
		{7530CAB9-BD7C-484B-BDD2-A6C028B960CC}.Release|Any CPU.ActiveCfg = Release|Any CPU
		{7530CAB9-BD7C-484B-BDD2-A6C028B960CC}.Release|Any CPU.Build.0 = Release|Any CPU
		{8BA964CE-DE54-452C-A0A2-9CD74CDF3932}.Debug|Any CPU.ActiveCfg = Debug|Any CPU
		{8BA964CE-DE54-452C-A0A2-9CD74CDF3932}.Debug|Any CPU.Build.0 = Debug|Any CPU
		{8BA964CE-DE54-452C-A0A2-9CD74CDF3932}.Release|Any CPU.ActiveCfg = Release|Any CPU
		{8BA964CE-DE54-452C-A0A2-9CD74CDF3932}.Release|Any CPU.Build.0 = Release|Any CPU
		{5AB4A361-318D-4BAD-B52A-0C43A8DE6C90}.Debug|Any CPU.ActiveCfg = Debug|Any CPU
		{5AB4A361-318D-4BAD-B52A-0C43A8DE6C90}.Debug|Any CPU.Build.0 = Debug|Any CPU
		{5AB4A361-318D-4BAD-B52A-0C43A8DE6C90}.Release|Any CPU.ActiveCfg = Release|Any CPU
		{5AB4A361-318D-4BAD-B52A-0C43A8DE6C90}.Release|Any CPU.Build.0 = Release|Any CPU
	EndGlobalSection
EndGlobal
